
Microsoft Visual Studio Solution File, Format Version 12.00
# Visual Studio Version 16
VisualStudioVersion = 16.0.32413.511
MinimumVisualStudioVersion = 10.0.40219.1
Project("{FAE04EC0-301F-11D3-BF4B-00C04F79EFBC}") = "CentralBankPublicWebService", "CentralBankPublicWebService\CentralBankPublicWebService.csproj", "{4D21167A-C019-4A59-B329-179BE4696EFE}"
EndProject
Global
	GlobalSection(SolutionConfigurationPlatforms) = preSolution
		Debug|Any CPU = Debug|Any CPU
		Release|Any CPU = Release|Any CPU
	EndGlobalSection
	GlobalSection(ProjectConfigurationPlatforms) = postSolution
		{4D21167A-C019-4A59-B329-179BE4696EFE}.Debug|Any CPU.ActiveCfg = Debug|Any CPU
		{4D21167A-C019-4A59-B329-179BE4696EFE}.Debug|Any CPU.Build.0 = Debug|Any CPU
		{4D21167A-C019-4A59-B329-179BE4696EFE}.Release|Any CPU.ActiveCfg = Release|Any CPU
		{4D21167A-C019-4A59-B329-179BE4696EFE}.Release|Any CPU.Build.0 = Release|Any CPU
	EndGlobalSection
	GlobalSection(SolutionProperties) = preSolution
		HideSolutionNode = FALSE
	EndGlobalSection
	GlobalSection(ExtensibilityGlobals) = postSolution
		SolutionGuid = {6505F1EE-B77E-4F38-89B8-DBE4C44E8374}
	EndGlobalSection
EndGlobal
