
Microsoft Visual Studio Solution File, Format Version 12.00
# Visual Studio Version 16
VisualStudioVersion = 16.0.32413.511
MinimumVisualStudioVersion = 10.0.40219.1
Project("{FAE04EC0-301F-11D3-BF4B-00C04F79EFBC}") = "CentralBankPublicWebService", "CentralBankPublicWebService\CentralBankPublicWebService.csproj", "{8B5B9B19-3ECE-4048-A16F-28C0D152D084}"
EndProject
Global
	GlobalSection(SolutionConfigurationPlatforms) = preSolution
		Debug|Any CPU = Debug|Any CPU
		Release|Any CPU = Release|Any CPU
	EndGlobalSection
	GlobalSection(ProjectConfigurationPlatforms) = postSolution
		{8B5B9B19-3ECE-4048-A16F-28C0D152D084}.Debug|Any CPU.ActiveCfg = Debug|Any CPU
		{8B5B9B19-3ECE-4048-A16F-28C0D152D084}.Debug|Any CPU.Build.0 = Debug|Any CPU
		{8B5B9B19-3ECE-4048-A16F-28C0D152D084}.Release|Any CPU.ActiveCfg = Release|Any CPU
		{8B5B9B19-3ECE-4048-A16F-28C0D152D084}.Release|Any CPU.Build.0 = Release|Any CPU
	EndGlobalSection
	GlobalSection(SolutionProperties) = preSolution
		HideSolutionNode = FALSE
	EndGlobalSection
	GlobalSection(ExtensibilityGlobals) = postSolution
		SolutionGuid = {C78FF311-6C18-421D-83F0-72908B446550}
	EndGlobalSection
EndGlobal
